
Microsoft Visual Studio Solution File, Format Version 12.00
# Visual Studio 15
VisualStudioVersion = 15.0.27004.2005
MinimumVisualStudioVersion = 10.0.40219.1
Project("{8BC9CEB8-8B4A-11D0-8D11-00A0C91BC942}") = "Norden", "Norden\Norden.vcxproj", "{523C1B5D-3D13-462A-B7C7-0DD86806FB33}"
EndProject
Global
	GlobalSection(SolutionConfigurationPlatforms) = preSolution
		Debug|x64 = Debug|x64
		Debug|x86 = Debug|x86
		Release|x64 = Release|x64
		Release|x86 = Release|x86
	EndGlobalSection
	GlobalSection(ProjectConfigurationPlatforms) = postSolution
		{523C1B5D-3D13-462A-B7C7-0DD86806FB33}.Debug|x64.ActiveCfg = Debug|x64
		{523C1B5D-3D13-462A-B7C7-0DD86806FB33}.Debug|x64.Build.0 = Debug|x64
		{523C1B5D-3D13-462A-B7C7-0DD86806FB33}.Debug|x86.ActiveCfg = Debug|Win32
		{523C1B5D-3D13-462A-B7C7-0DD86806FB33}.Debug|x86.Build.0 = Debug|Win32
		{523C1B5D-3D13-462A-B7C7-0DD86806FB33}.Release|x64.ActiveCfg = Release|x64
		{523C1B5D-3D13-462A-B7C7-0DD86806FB33}.Release|x64.Build.0 = Release|x64
		{523C1B5D-3D13-462A-B7C7-0DD86806FB33}.Release|x86.ActiveCfg = Release|Win32
		{523C1B5D-3D13-462A-B7C7-0DD86806FB33}.Release|x86.Build.0 = Release|Win32
	EndGlobalSection
	GlobalSection(SolutionProperties) = preSolution
		HideSolutionNode = FALSE
	EndGlobalSection
	GlobalSection(ExtensibilityGlobals) = postSolution
		SolutionGuid = {9A21E3AD-B8E4-408B-AFAE-77F3FD0E1DAF}
	EndGlobalSection
EndGlobal
