<?xml version="1.0" encoding="utf-8"?>
<Project ToolsVersion="4.0" xmlns="http://schemas.microsoft.com/developer/msbuild/2003">
  <ItemGroup>
    <Filter Include="Source Files">
      <UniqueIdentifier>{4FC737F1-C7A5-4376-A066-2A32D752A2FF}</UniqueIdentifier>
      <Extensions>cpp;c;cc;cxx;def;odl;idl;hpj;bat;asm;asmx</Extensions>
    </Filter>
    <Filter Include="Header Files">
      <UniqueIdentifier>{93995380-89BD-4b04-88EB-625FBE52EBFB}</UniqueIdentifier>
      <Extensions>h;hh;hpp;hxx;hm;inl;inc;xsd</Extensions>
    </Filter>
    <Filter Include="Resource Files">
      <UniqueIdentifier>{67DA6AB6-F800-4c08-8B7A-83BB121AAD01}</UniqueIdentifier>
      <Extensions>rc;ico;cur;bmp;dlg;rc2;rct;bin;rgs;gif;jpg;jpeg;jpe;resx;tiff;tif;png;wav;mfcribbon-ms</Extensions>
    </Filter>
    <Filter Include="Shaders">
      <UniqueIdentifier>{5e2ccd84-2d87-4207-bae2-729fc977596b}</UniqueIdentifier>
    </Filter>
  </ItemGroup>
  <ItemGroup>
    <ClCompile Include="main.cpp">
      <Filter>Source Files</Filter>
    </ClCompile>
    <ClCompile Include="glad.c">
      <Filter>Source Files</Filter>
    </ClCompile>
  </ItemGroup>
  <ItemGroup>
    <ClInclude Include="camera.h">
      <Filter>Header Files</Filter>
    </ClInclude>
    <ClInclude Include="mesh.h">
      <Filter>Header Files</Filter>
    </ClInclude>
    <ClInclude Include="model.h">
      <Filter>Header Files</Filter>
    </ClInclude>
    <ClInclude Include="stb_image.h">
      <Filter>Header Files</Filter>
    </ClInclude>
    <ClInclude Include="shader.h">
      <Filter>Header Files</Filter>
    </ClInclude>
    <ClInclude Include="waterMesh.h">
      <Filter>Header Files</Filter>
    </ClInclude>
    <ClInclude Include="boat.h">
      <Filter>Header Files</Filter>
    </ClInclude>
    <ClInclude Include="terrain.h">
      <Filter>Header Files</Filter>
    </ClInclude>
    <ClInclude Include="forest.h">
      <Filter>Header Files</Filter>
    </ClInclude>
    <ClInclude Include="treeMesh.h">
      <Filter>Header Files</Filter>
    </ClInclude>
    <ClInclude Include="treeModel.h">
      <Filter>Header Files</Filter>
    </ClInclude>
    <ClInclude Include="Dialogues.h">
      <Filter>Header Files</Filter>
    </ClInclude>
    <ClInclude Include="weather.h">
      <Filter>Header Files</Filter>
    </ClInclude>
    <ClInclude Include="menu.h">
      <Filter>Header Files</Filter>
    </ClInclude>
    <ClInclude Include="ideas.h">
      <Filter>Header Files</Filter>
    </ClInclude>
    <ClInclude Include="wall.h">
      <Filter>Header Files</Filter>
    </ClInclude>
    <ClInclude Include="fort.h">
      <Filter>Header Files</Filter>
    </ClInclude>
  </ItemGroup>
  <ItemGroup>
    <None Include="Graphics\Shaders\landShader.frag">
      <Filter>Shaders</Filter>
    </None>
    <None Include="Graphics\Shaders\landShader.vert">
      <Filter>Shaders</Filter>
    </None>
    <None Include="Graphics\Shaders\menuShader.frag">
      <Filter>Shaders</Filter>
    </None>
    <None Include="Graphics\Shaders\menuShader.vert">
      <Filter>Shaders</Filter>
    </None>
    <None Include="Graphics\Shaders\tree.frag">
      <Filter>Shaders</Filter>
    </None>
    <None Include="Graphics\Shaders\tree.vert">
      <Filter>Shaders</Filter>
    </None>
    <None Include="Graphics\Shaders\test.frag">
      <Filter>Shaders</Filter>
    </None>
    <None Include="Graphics\Shaders\test.vert">
      <Filter>Shaders</Filter>
    </None>
    <None Include="Graphics\Shaders\sunShader.frag">
      <Filter>Shaders</Filter>
    </None>
    <None Include="Graphics\Shaders\sunShader.vert">
      <Filter>Shaders</Filter>
    </None>
    <None Include="Graphics\Shaders\wallShader.frag">
      <Filter>Shaders</Filter>
    </None>
    <None Include="Graphics\Shaders\wallShader.vert">
      <Filter>Shaders</Filter>
    </None>
  </ItemGroup>
</Project>